// !$*UTF8*$!
{
	archiveVersion = 1;
	classes = {
	};
	objectVersion = 56;
	objects = {

/* Begin PBXBuildFile section */
		BE1FD4EA2A5421CE0021777F /* SharedHelpers.swift in Sources */ = {isa = PBXBuildFile; fileRef = BE1FD4E92A5421CE0021777F /* SharedHelpers.swift */; };
		BE1FD4ED2A5423860021777F /* PhotoListViewController.swift in Sources */ = {isa = PBXBuildFile; fileRef = BE1FD4EC2A5423860021777F /* PhotoListViewController.swift */; };
		BE21A9CF2B46FC6C000385B1 /* PhotoListAcceptanceTests.swift in Sources */ = {isa = PBXBuildFile; fileRef = BE21A9CE2B46FC6C000385B1 /* PhotoListAcceptanceTests.swift */; };
		BE2808652B59609100219CB4 /* PhotoGridStore.swift in Sources */ = {isa = PBXBuildFile; fileRef = BE2808642B59609100219CB4 /* PhotoGridStore.swift */; };
		BE2808672B5960EE00219CB4 /* PhotoGridItemStore.swift in Sources */ = {isa = PBXBuildFile; fileRef = BE2808662B5960EE00219CB4 /* PhotoGridItemStore.swift */; };
		BE28086A2B5961ED00219CB4 /* PhotoGridView+Helpers.swift in Sources */ = {isa = PBXBuildFile; fileRef = BE2808692B5961ED00219CB4 /* PhotoGridView+Helpers.swift */; };
		BE28086C2B59626500219CB4 /* PhotoGridItem+Helpers.swift in Sources */ = {isa = PBXBuildFile; fileRef = BE28086B2B59626500219CB4 /* PhotoGridItem+Helpers.swift */; };
		BE2808712B59636900219CB4 /* PhotosLoaderSpyResultHelpers.swift in Sources */ = {isa = PBXBuildFile; fileRef = BE2808702B59636900219CB4 /* PhotosLoaderSpyResultHelpers.swift */; };
		BE2808732B5966DC00219CB4 /* PicsumApp.swift in Sources */ = {isa = PBXBuildFile; fileRef = BE2808722B5966DC00219CB4 /* PicsumApp.swift */; };
		BE3635642A5FF8C30039EECD /* ImageDataLoaderCacheDecoratorTests.swift in Sources */ = {isa = PBXBuildFile; fileRef = BE3635632A5FF8C30039EECD /* ImageDataLoaderCacheDecoratorTests.swift */; };
		BE3635662A5FF9970039EECD /* ImageDataLoaderSpy.swift in Sources */ = {isa = PBXBuildFile; fileRef = BE3635652A5FF9970039EECD /* ImageDataLoaderSpy.swift */; };
		BE3691092A5566EE00DF0560 /* UIImage+TestHelpers.swift in Sources */ = {isa = PBXBuildFile; fileRef = BE3691082A5566EE00DF0560 /* UIImage+TestHelpers.swift */; };
		BE37F78A2B553D0F0098FF2E /* PhotoGridIntegrationTests.swift in Sources */ = {isa = PBXBuildFile; fileRef = BE37F7892B553D0F0098FF2E /* PhotoGridIntegrationTests.swift */; };
		BE37F78D2B553F530098FF2E /* ViewInspector in Frameworks */ = {isa = PBXBuildFile; productRef = BE37F78C2B553F530098FF2E /* ViewInspector */; };
		BE37F78F2B5540C50098FF2E /* PhotoGridComposer.swift in Sources */ = {isa = PBXBuildFile; fileRef = BE37F78E2B5540C50098FF2E /* PhotoGridComposer.swift */; };
		BE4876D82A542E4900F6AE3F /* PhotoListCell.swift in Sources */ = {isa = PBXBuildFile; fileRef = BE4876D72A542E4900F6AE3F /* PhotoListCell.swift */; };
		BE4876DA2A547B2A00F6AE3F /* PhotoImageDataLoader.swift in Sources */ = {isa = PBXBuildFile; fileRef = BE4876D92A547B2A00F6AE3F /* PhotoImageDataLoader.swift */; };
		BE4876DD2A54996900F6AE3F /* ShimmeringView.swift in Sources */ = {isa = PBXBuildFile; fileRef = BE4876DC2A54996900F6AE3F /* ShimmeringView.swift */; };
		BE4983582B4855D400CD03C6 /* HTTPClientStub.swift in Sources */ = {isa = PBXBuildFile; fileRef = BE4983572B4855D400CD03C6 /* HTTPClientStub.swift */; };
		BE49835A2B48562300CD03C6 /* InMemoryImageDataStore.swift in Sources */ = {isa = PBXBuildFile; fileRef = BE4983592B48562300CD03C6 /* InMemoryImageDataStore.swift */; };
		BE525AEC2A5D4672000D3071 /* CacheImageDataUseCaseTests.swift in Sources */ = {isa = PBXBuildFile; fileRef = BE525AEB2A5D4672000D3071 /* CacheImageDataUseCaseTests.swift */; };
		BE5496762A56BA1300D402A3 /* PhotoImageViewModel.swift in Sources */ = {isa = PBXBuildFile; fileRef = BE5496752A56BA1300D402A3 /* PhotoImageViewModel.swift */; };
		BE5496782A56CAFA00D402A3 /* PhotosEndpointTests.swift in Sources */ = {isa = PBXBuildFile; fileRef = BE5496772A56CAFA00D402A3 /* PhotosEndpointTests.swift */; };
		BE54967B2A56CFEC00D402A3 /* PhotosEndpoint.swift in Sources */ = {isa = PBXBuildFile; fileRef = BE54967A2A56CFEC00D402A3 /* PhotosEndpoint.swift */; };
		BE54967D2A56D24500D402A3 /* RemotePhotosLoaderTests.swift in Sources */ = {isa = PBXBuildFile; fileRef = BE54967C2A56D24500D402A3 /* RemotePhotosLoaderTests.swift */; };
		BE5496802A5702C900D402A3 /* HTTPClient.swift in Sources */ = {isa = PBXBuildFile; fileRef = BE54967F2A5702C900D402A3 /* HTTPClient.swift */; };
		BE5496822A57032B00D402A3 /* RemotePhotosLoader.swift in Sources */ = {isa = PBXBuildFile; fileRef = BE5496812A57032B00D402A3 /* RemotePhotosLoader.swift */; };
		BE5496842A5705E000D402A3 /* PhotosResponseConverter.swift in Sources */ = {isa = PBXBuildFile; fileRef = BE5496832A5705E000D402A3 /* PhotosResponseConverter.swift */; };
		BE5496862A570DF600D402A3 /* ClientSpy.swift in Sources */ = {isa = PBXBuildFile; fileRef = BE5496852A570DF600D402A3 /* ClientSpy.swift */; };
		BE5496882A570ED400D402A3 /* RemoteImageDataLoaderTests.swift in Sources */ = {isa = PBXBuildFile; fileRef = BE5496872A570ED400D402A3 /* RemoteImageDataLoaderTests.swift */; };
		BE54968A2A57137600D402A3 /* HTTPURLResponse+TestHelpers.swift in Sources */ = {isa = PBXBuildFile; fileRef = BE5496892A57137600D402A3 /* HTTPURLResponse+TestHelpers.swift */; };
		BE54968C2A57156E00D402A3 /* RemoteImageDataLoader.swift in Sources */ = {isa = PBXBuildFile; fileRef = BE54968B2A57156E00D402A3 /* RemoteImageDataLoader.swift */; };
		BE54968E2A572B6B00D402A3 /* URLSessionHTTPClientTests.swift in Sources */ = {isa = PBXBuildFile; fileRef = BE54968D2A572B6B00D402A3 /* URLSessionHTTPClientTests.swift */; };
		BE5B76512B5C11E700BA5F60 /* PhotoListViewControllerDelegateStub.swift in Sources */ = {isa = PBXBuildFile; fileRef = BE5B76502B5C11E700BA5F60 /* PhotoListViewControllerDelegateStub.swift */; };
		BE5B76532B5C12B300BA5F60 /* PreviewHelpers.swift in Sources */ = {isa = PBXBuildFile; fileRef = BE5B76522B5C12B300BA5F60 /* PreviewHelpers.swift */; };
		BE5B76582B5C1A7000BA5F60 /* PhotoListViewControllerDelegate.swift in Sources */ = {isa = PBXBuildFile; fileRef = BE5B76572B5C1A7000BA5F60 /* PhotoListViewControllerDelegate.swift */; };
		BE5B765A2B5C1AAF00BA5F60 /* PhotoListCellControllerDelegate.swift in Sources */ = {isa = PBXBuildFile; fileRef = BE5B76592B5C1AAF00BA5F60 /* PhotoListCellControllerDelegate.swift */; };
		BE5DFCF92A5C0CAF007BD8A7 /* PhotoImageDataLoaderAdapterTests.swift in Sources */ = {isa = PBXBuildFile; fileRef = BE5DFCF82A5C0CAF007BD8A7 /* PhotoImageDataLoaderAdapterTests.swift */; };
		BE5DFCFB2A5C14FF007BD8A7 /* PhotoImageDataLoaderAdapter.swift in Sources */ = {isa = PBXBuildFile; fileRef = BE5DFCFA2A5C14FF007BD8A7 /* PhotoImageDataLoaderAdapter.swift */; };
		BE5DFCFD2A5C1AAD007BD8A7 /* ImageDataLoader.swift in Sources */ = {isa = PBXBuildFile; fileRef = BE5DFCFC2A5C1AAD007BD8A7 /* ImageDataLoader.swift */; };
		BE5DFD002A5C43F0007BD8A7 /* LoadCachedImageDataUseCaseTests.swift in Sources */ = {isa = PBXBuildFile; fileRef = BE5DFCFF2A5C43F0007BD8A7 /* LoadCachedImageDataUseCaseTests.swift */; };
		BE62278F2A63FFFC0082ED1B /* PhotoDetailIntegrationTests.swift in Sources */ = {isa = PBXBuildFile; fileRef = BE62278E2A63FFFC0082ED1B /* PhotoDetailIntegrationTests.swift */; };
		BE6560372A52D4A300CCD5D6 /* AppDelegate.swift in Sources */ = {isa = PBXBuildFile; fileRef = BE6560362A52D4A300CCD5D6 /* AppDelegate.swift */; };
		BE6560392A52D4A300CCD5D6 /* SceneDelegate.swift in Sources */ = {isa = PBXBuildFile; fileRef = BE6560382A52D4A300CCD5D6 /* SceneDelegate.swift */; };
		BE6560402A52D4A400CCD5D6 /* Assets.xcassets in Resources */ = {isa = PBXBuildFile; fileRef = BE65603F2A52D4A400CCD5D6 /* Assets.xcassets */; };
		BE6560432A52D4A400CCD5D6 /* LaunchScreen.storyboard in Resources */ = {isa = PBXBuildFile; fileRef = BE6560412A52D4A400CCD5D6 /* LaunchScreen.storyboard */; };
		BE6560692A52DF8900CCD5D6 /* XCTestCase+MemoryLeakTracking.swift in Sources */ = {isa = PBXBuildFile; fileRef = BE6560682A52DF8900CCD5D6 /* XCTestCase+MemoryLeakTracking.swift */; };
		BE65606C2A52EE1100CCD5D6 /* Photo.swift in Sources */ = {isa = PBXBuildFile; fileRef = BE65606B2A52EE1100CCD5D6 /* Photo.swift */; };
		BE65606F2A52EE8200CCD5D6 /* PhotosLoader.swift in Sources */ = {isa = PBXBuildFile; fileRef = BE65606E2A52EE8200CCD5D6 /* PhotosLoader.swift */; };
		BE6560722A53237B00CCD5D6 /* PhotoListViewModel.swift in Sources */ = {isa = PBXBuildFile; fileRef = BE6560712A53237B00CCD5D6 /* PhotoListViewModel.swift */; };
		BE6645C82B5A7B68003737D5 /* PhotoDetailContainerIntegrationTests.swift in Sources */ = {isa = PBXBuildFile; fileRef = BE6645C72B5A7B68003737D5 /* PhotoDetailContainerIntegrationTests.swift */; };
		BE6645CA2B5A82D5003737D5 /* PhotoDetailContainerComposer.swift in Sources */ = {isa = PBXBuildFile; fileRef = BE6645C92B5A82D5003737D5 /* PhotoDetailContainerComposer.swift */; };
		BE6645CC2B5AA7EE003737D5 /* PhotoDetailContainer+Helpers.swift in Sources */ = {isa = PBXBuildFile; fileRef = BE6645CB2B5AA7EE003737D5 /* PhotoDetailContainer+Helpers.swift */; };
		BE6975872B541208009C3651 /* PhotoDetailView.swift in Sources */ = {isa = PBXBuildFile; fileRef = BE6975862B541208009C3651 /* PhotoDetailView.swift */; };
		BE6E12A22B32E5F300214E4B /* Paginated.swift in Sources */ = {isa = PBXBuildFile; fileRef = BE6E12A12B32E5F300214E4B /* Paginated.swift */; };
		BE73DE812A58495900B5F438 /* PhotoImageEndpointTests.swift in Sources */ = {isa = PBXBuildFile; fileRef = BE73DE802A58495900B5F438 /* PhotoImageEndpointTests.swift */; };
		BE73DE832A584B5A00B5F438 /* PhotoImageEndpoint.swift in Sources */ = {isa = PBXBuildFile; fileRef = BE73DE822A584B5A00B5F438 /* PhotoImageEndpoint.swift */; };
		BE756CE12A628EE4000636F0 /* SceneDelegateTests.swift in Sources */ = {isa = PBXBuildFile; fileRef = BE756CE02A628EE4000636F0 /* SceneDelegateTests.swift */; };
		BE76D4582A7CE436000EA213 /* HTTPURLResponse+StatusCode.swift in Sources */ = {isa = PBXBuildFile; fileRef = BE76D4572A7CE436000EA213 /* HTTPURLResponse+StatusCode.swift */; };
		BE76D45A2A7D5752000EA213 /* XCTestCase+AssertThrows.swift in Sources */ = {isa = PBXBuildFile; fileRef = BE76D4592A7D5752000EA213 /* XCTestCase+AssertThrows.swift */; };
		BE78E2892A653F4F00FBBF1A /* LocalImageDataCacheIntegrationTests.swift in Sources */ = {isa = PBXBuildFile; fileRef = BE78E2882A653F4F00FBBF1A /* LocalImageDataCacheIntegrationTests.swift */; };
		BE7936A32B5B170E00CFC3AC /* View+Inspecting.swift in Sources */ = {isa = PBXBuildFile; fileRef = BE7936A22B5B170E00CFC3AC /* View+Inspecting.swift */; };
		BE7936A52B5B211500CFC3AC /* PhotoDetailStore.swift in Sources */ = {isa = PBXBuildFile; fileRef = BE7936A42B5B211500CFC3AC /* PhotoDetailStore.swift */; };
		BE81030F2A559EB700CE012A /* PhotoListCell+TestHelpers.swift in Sources */ = {isa = PBXBuildFile; fileRef = BE81030E2A559EB700CE012A /* PhotoListCell+TestHelpers.swift */; };
		BE8103112A559F4C00CE012A /* PhotoListViewController+TestHelpers.swift in Sources */ = {isa = PBXBuildFile; fileRef = BE8103102A559F4C00CE012A /* PhotoListViewController+TestHelpers.swift */; };
		BE8103132A55C19700CE012A /* PhotoListCellController.swift in Sources */ = {isa = PBXBuildFile; fileRef = BE8103122A55C19700CE012A /* PhotoListCellController.swift */; };
		BE8103152A55C2C400CE012A /* PhotoListComposer.swift in Sources */ = {isa = PBXBuildFile; fileRef = BE8103142A55C2C400CE012A /* PhotoListComposer.swift */; };
		BE81BCF42B52EA9A00C9E6A1 /* PhotoGridView.swift in Sources */ = {isa = PBXBuildFile; fileRef = BE81BCF32B52EA9A00C9E6A1 /* PhotoGridView.swift */; };
		BE9E00E62B443ADF003439C1 /* SwiftDataImageDataStoreTests.swift in Sources */ = {isa = PBXBuildFile; fileRef = BE9E00E52B443ADF003439C1 /* SwiftDataImageDataStoreTests.swift */; };
		BE9E00E82B44560E003439C1 /* SwiftDataImageDataStore.swift in Sources */ = {isa = PBXBuildFile; fileRef = BE9E00E72B44560E003439C1 /* SwiftDataImageDataStore.swift */; };
		BEA70FB42B319F22001D667B /* RefreshControlSpy.swift in Sources */ = {isa = PBXBuildFile; fileRef = BEA70FB32B319F22001D667B /* RefreshControlSpy.swift */; };
		BEB90FB72A5F0A6500A22904 /* ContextDidSaveNotificationSpy.swift in Sources */ = {isa = PBXBuildFile; fileRef = BEB90FB62A5F0A6500A22904 /* ContextDidSaveNotificationSpy.swift */; };
		BEC368662B32F505001888E0 /* PaginatedPhotosLoaderAdapterTests.swift in Sources */ = {isa = PBXBuildFile; fileRef = BEC368652B32F505001888E0 /* PaginatedPhotosLoaderAdapterTests.swift */; };
		BEC368682B331A6B001888E0 /* PaginatedPhotosLoaderAdapter.swift in Sources */ = {isa = PBXBuildFile; fileRef = BEC368672B331A6B001888E0 /* PaginatedPhotosLoaderAdapter.swift */; };
		BEC9C53B2A5C56730043B0C9 /* ImageDataStore.swift in Sources */ = {isa = PBXBuildFile; fileRef = BEC9C53A2A5C56730043B0C9 /* ImageDataStore.swift */; };
		BEC9C53D2A5C56930043B0C9 /* LocalImageDataLoader.swift in Sources */ = {isa = PBXBuildFile; fileRef = BEC9C53C2A5C56930043B0C9 /* LocalImageDataLoader.swift */; };
		BED008B92A5FE763002D94F5 /* ImageDataCache.swift in Sources */ = {isa = PBXBuildFile; fileRef = BED008B82A5FE763002D94F5 /* ImageDataCache.swift */; };
		BED283B62A5C6DB100521BC8 /* Date+TestHelpers.swift in Sources */ = {isa = PBXBuildFile; fileRef = BED283B52A5C6DB100521BC8 /* Date+TestHelpers.swift */; };
		BED283B82A5C6E7500521BC8 /* ImageDataStoreSpy.swift in Sources */ = {isa = PBXBuildFile; fileRef = BED283B72A5C6E7500521BC8 /* ImageDataStoreSpy.swift */; };
		BED4E3AC2B5184D600089CEA /* PhotoGridItem.swift in Sources */ = {isa = PBXBuildFile; fileRef = BED4E3AB2B5184D600089CEA /* PhotoGridItem.swift */; };
		BED4E3AF2B51858C00089CEA /* UIImage+Helpers.swift in Sources */ = {isa = PBXBuildFile; fileRef = BED4E3AE2B51858C00089CEA /* UIImage+Helpers.swift */; };
		BED4E3B12B51938800089CEA /* Shimmer.swift in Sources */ = {isa = PBXBuildFile; fileRef = BED4E3B02B51938800089CEA /* Shimmer.swift */; };
		BED8ECCD2A5340870077FFF9 /* PhotoListIntegrationTests.swift in Sources */ = {isa = PBXBuildFile; fileRef = BED8ECCC2A5340870077FFF9 /* PhotoListIntegrationTests.swift */; };
		BED8ECCF2A53428C0077FFF9 /* PhotosLoaderSpy.swift in Sources */ = {isa = PBXBuildFile; fileRef = BED8ECCE2A53428C0077FFF9 /* PhotosLoaderSpy.swift */; };
		BED8ECD42A536D9E0077FFF9 /* UIRefreshControl+TestHelpers.swift in Sources */ = {isa = PBXBuildFile; fileRef = BED8ECD32A536D9E0077FFF9 /* UIRefreshControl+TestHelpers.swift */; };
		BED8ECD62A536DC90077FFF9 /* UIControl+TestHelpers.swift in Sources */ = {isa = PBXBuildFile; fileRef = BED8ECD52A536DC90077FFF9 /* UIControl+TestHelpers.swift */; };
		BEE65CF52A5745E3001872BB /* URLSessionHTTPClient.swift in Sources */ = {isa = PBXBuildFile; fileRef = BEE65CF42A5745E3001872BB /* URLSessionHTTPClient.swift */; };
		BEE811C42A5D624900A2F7D7 /* InvalidateCachedImageDataUseCaseTests.swift in Sources */ = {isa = PBXBuildFile; fileRef = BEE811C32A5D624900A2F7D7 /* InvalidateCachedImageDataUseCaseTests.swift */; };
		BEE811C62A5D69D900A2F7D7 /* CacheTestHelpers.swift in Sources */ = {isa = PBXBuildFile; fileRef = BEE811C52A5D69D900A2F7D7 /* CacheTestHelpers.swift */; };
		BEE811C82A5DE87200A2F7D7 /* CacheImageDataPolicy.swift in Sources */ = {isa = PBXBuildFile; fileRef = BEE811C72A5DE87200A2F7D7 /* CacheImageDataPolicy.swift */; };
		BEF0B5272A6002DF0024625A /* ImageDataLoaderCacheDecorator.swift in Sources */ = {isa = PBXBuildFile; fileRef = BEF0B5262A6002DF0024625A /* ImageDataLoaderCacheDecorator.swift */; };
		BEF0B52D2A6008C30024625A /* ImageDataLoaderWithFallbackCompositeTests.swift in Sources */ = {isa = PBXBuildFile; fileRef = BEF0B52C2A6008C30024625A /* ImageDataLoaderWithFallbackCompositeTests.swift */; };
		BEF0B52F2A600CA40024625A /* ImageDataLoaderWithFallbackComposite.swift in Sources */ = {isa = PBXBuildFile; fileRef = BEF0B52E2A600CA40024625A /* ImageDataLoaderWithFallbackComposite.swift */; };
		BEF6E3892A6428B6004C6511 /* PhotoDetailViewController+TestHelpers.swift in Sources */ = {isa = PBXBuildFile; fileRef = BEF6E3882A6428B6004C6511 /* PhotoDetailViewController+TestHelpers.swift */; };
		BEF6E38B2A64296F004C6511 /* PhotoDetailViewController.swift in Sources */ = {isa = PBXBuildFile; fileRef = BEF6E38A2A64296F004C6511 /* PhotoDetailViewController.swift */; };
		BEF6E38D2A645D24004C6511 /* PhotoDetailComposer.swift in Sources */ = {isa = PBXBuildFile; fileRef = BEF6E38C2A645D24004C6511 /* PhotoDetailComposer.swift */; };
		BEF6E38F2A645E46004C6511 /* PhotoDetailViewModel.swift in Sources */ = {isa = PBXBuildFile; fileRef = BEF6E38E2A645E46004C6511 /* PhotoDetailViewModel.swift */; };
		BEF751D62B4D5DEB00F49FD7 /* PhotoDetailPresentationAdapter.swift in Sources */ = {isa = PBXBuildFile; fileRef = BEF751D52B4D5DEB00F49FD7 /* PhotoDetailPresentationAdapter.swift */; };
		BEF751D82B4D874300F49FD7 /* PhotoImagePresentationAdapter.swift in Sources */ = {isa = PBXBuildFile; fileRef = BEF751D72B4D874300F49FD7 /* PhotoImagePresentationAdapter.swift */; };
		BEF751DA2B4D90D200F49FD7 /* PhotoViewComposer.swift in Sources */ = {isa = PBXBuildFile; fileRef = BEF751D92B4D90D200F49FD7 /* PhotoViewComposer.swift */; };
		BEF751DC2B4D9E2E00F49FD7 /* PhotoListPresentationAdapter.swift in Sources */ = {isa = PBXBuildFile; fileRef = BEF751DB2B4D9E2E00F49FD7 /* PhotoListPresentationAdapter.swift */; };
/* End PBXBuildFile section */

/* Begin PBXContainerItemProxy section */
		BE65604A2A52D4A400CCD5D6 /* PBXContainerItemProxy */ = {
			isa = PBXContainerItemProxy;
			containerPortal = BE65602B2A52D4A300CCD5D6 /* Project object */;
			proxyType = 1;
			remoteGlobalIDString = BE6560322A52D4A300CCD5D6;
			remoteInfo = PicsumApp;
		};
/* End PBXContainerItemProxy section */

/* Begin PBXFileReference section */
		BE1FD4E92A5421CE0021777F /* SharedHelpers.swift */ = {isa = PBXFileReference; lastKnownFileType = sourcecode.swift; path = SharedHelpers.swift; sourceTree = "<group>"; };
		BE1FD4EC2A5423860021777F /* PhotoListViewController.swift */ = {isa = PBXFileReference; lastKnownFileType = sourcecode.swift; path = PhotoListViewController.swift; sourceTree = "<group>"; };
		BE21A9CE2B46FC6C000385B1 /* PhotoListAcceptanceTests.swift */ = {isa = PBXFileReference; lastKnownFileType = sourcecode.swift; path = PhotoListAcceptanceTests.swift; sourceTree = "<group>"; };
		BE2808642B59609100219CB4 /* PhotoGridStore.swift */ = {isa = PBXFileReference; lastKnownFileType = sourcecode.swift; path = PhotoGridStore.swift; sourceTree = "<group>"; };
		BE2808662B5960EE00219CB4 /* PhotoGridItemStore.swift */ = {isa = PBXFileReference; lastKnownFileType = sourcecode.swift; path = PhotoGridItemStore.swift; sourceTree = "<group>"; };
		BE2808692B5961ED00219CB4 /* PhotoGridView+Helpers.swift */ = {isa = PBXFileReference; lastKnownFileType = sourcecode.swift; path = "PhotoGridView+Helpers.swift"; sourceTree = "<group>"; };
		BE28086B2B59626500219CB4 /* PhotoGridItem+Helpers.swift */ = {isa = PBXFileReference; lastKnownFileType = sourcecode.swift; path = "PhotoGridItem+Helpers.swift"; sourceTree = "<group>"; };
		BE2808702B59636900219CB4 /* PhotosLoaderSpyResultHelpers.swift */ = {isa = PBXFileReference; lastKnownFileType = sourcecode.swift; path = PhotosLoaderSpyResultHelpers.swift; sourceTree = "<group>"; };
		BE2808722B5966DC00219CB4 /* PicsumApp.swift */ = {isa = PBXFileReference; lastKnownFileType = sourcecode.swift; path = PicsumApp.swift; sourceTree = "<group>"; };
		BE3635632A5FF8C30039EECD /* ImageDataLoaderCacheDecoratorTests.swift */ = {isa = PBXFileReference; lastKnownFileType = sourcecode.swift; path = ImageDataLoaderCacheDecoratorTests.swift; sourceTree = "<group>"; };
		BE3635652A5FF9970039EECD /* ImageDataLoaderSpy.swift */ = {isa = PBXFileReference; lastKnownFileType = sourcecode.swift; path = ImageDataLoaderSpy.swift; sourceTree = "<group>"; };
		BE3691082A5566EE00DF0560 /* UIImage+TestHelpers.swift */ = {isa = PBXFileReference; fileEncoding = 4; lastKnownFileType = sourcecode.swift; path = "UIImage+TestHelpers.swift"; sourceTree = "<group>"; };
		BE37F7892B553D0F0098FF2E /* PhotoGridIntegrationTests.swift */ = {isa = PBXFileReference; lastKnownFileType = sourcecode.swift; path = PhotoGridIntegrationTests.swift; sourceTree = "<group>"; };
		BE37F78E2B5540C50098FF2E /* PhotoGridComposer.swift */ = {isa = PBXFileReference; lastKnownFileType = sourcecode.swift; path = PhotoGridComposer.swift; sourceTree = "<group>"; };
		BE4876D72A542E4900F6AE3F /* PhotoListCell.swift */ = {isa = PBXFileReference; lastKnownFileType = sourcecode.swift; path = PhotoListCell.swift; sourceTree = "<group>"; };
		BE4876D92A547B2A00F6AE3F /* PhotoImageDataLoader.swift */ = {isa = PBXFileReference; lastKnownFileType = sourcecode.swift; path = PhotoImageDataLoader.swift; sourceTree = "<group>"; };
		BE4876DC2A54996900F6AE3F /* ShimmeringView.swift */ = {isa = PBXFileReference; lastKnownFileType = sourcecode.swift; path = ShimmeringView.swift; sourceTree = "<group>"; };
		BE4983572B4855D400CD03C6 /* HTTPClientStub.swift */ = {isa = PBXFileReference; lastKnownFileType = sourcecode.swift; path = HTTPClientStub.swift; sourceTree = "<group>"; };
		BE4983592B48562300CD03C6 /* InMemoryImageDataStore.swift */ = {isa = PBXFileReference; lastKnownFileType = sourcecode.swift; path = InMemoryImageDataStore.swift; sourceTree = "<group>"; };
		BE525AEB2A5D4672000D3071 /* CacheImageDataUseCaseTests.swift */ = {isa = PBXFileReference; lastKnownFileType = sourcecode.swift; path = CacheImageDataUseCaseTests.swift; sourceTree = "<group>"; };
		BE5496752A56BA1300D402A3 /* PhotoImageViewModel.swift */ = {isa = PBXFileReference; lastKnownFileType = sourcecode.swift; path = PhotoImageViewModel.swift; sourceTree = "<group>"; };
		BE5496772A56CAFA00D402A3 /* PhotosEndpointTests.swift */ = {isa = PBXFileReference; lastKnownFileType = sourcecode.swift; path = PhotosEndpointTests.swift; sourceTree = "<group>"; };
		BE54967A2A56CFEC00D402A3 /* PhotosEndpoint.swift */ = {isa = PBXFileReference; lastKnownFileType = sourcecode.swift; path = PhotosEndpoint.swift; sourceTree = "<group>"; };
		BE54967C2A56D24500D402A3 /* RemotePhotosLoaderTests.swift */ = {isa = PBXFileReference; lastKnownFileType = sourcecode.swift; path = RemotePhotosLoaderTests.swift; sourceTree = "<group>"; };
		BE54967F2A5702C900D402A3 /* HTTPClient.swift */ = {isa = PBXFileReference; lastKnownFileType = sourcecode.swift; path = HTTPClient.swift; sourceTree = "<group>"; };
		BE5496812A57032B00D402A3 /* RemotePhotosLoader.swift */ = {isa = PBXFileReference; lastKnownFileType = sourcecode.swift; path = RemotePhotosLoader.swift; sourceTree = "<group>"; };
		BE5496832A5705E000D402A3 /* PhotosResponseConverter.swift */ = {isa = PBXFileReference; lastKnownFileType = sourcecode.swift; path = PhotosResponseConverter.swift; sourceTree = "<group>"; };
		BE5496852A570DF600D402A3 /* ClientSpy.swift */ = {isa = PBXFileReference; lastKnownFileType = sourcecode.swift; path = ClientSpy.swift; sourceTree = "<group>"; };
		BE5496872A570ED400D402A3 /* RemoteImageDataLoaderTests.swift */ = {isa = PBXFileReference; lastKnownFileType = sourcecode.swift; path = RemoteImageDataLoaderTests.swift; sourceTree = "<group>"; };
		BE5496892A57137600D402A3 /* HTTPURLResponse+TestHelpers.swift */ = {isa = PBXFileReference; lastKnownFileType = sourcecode.swift; path = "HTTPURLResponse+TestHelpers.swift"; sourceTree = "<group>"; };
		BE54968B2A57156E00D402A3 /* RemoteImageDataLoader.swift */ = {isa = PBXFileReference; lastKnownFileType = sourcecode.swift; path = RemoteImageDataLoader.swift; sourceTree = "<group>"; };
		BE54968D2A572B6B00D402A3 /* URLSessionHTTPClientTests.swift */ = {isa = PBXFileReference; lastKnownFileType = sourcecode.swift; path = URLSessionHTTPClientTests.swift; sourceTree = "<group>"; };
		BE5B76502B5C11E700BA5F60 /* PhotoListViewControllerDelegateStub.swift */ = {isa = PBXFileReference; lastKnownFileType = sourcecode.swift; path = PhotoListViewControllerDelegateStub.swift; sourceTree = "<group>"; };
		BE5B76522B5C12B300BA5F60 /* PreviewHelpers.swift */ = {isa = PBXFileReference; lastKnownFileType = sourcecode.swift; path = PreviewHelpers.swift; sourceTree = "<group>"; };
		BE5B76572B5C1A7000BA5F60 /* PhotoListViewControllerDelegate.swift */ = {isa = PBXFileReference; lastKnownFileType = sourcecode.swift; path = PhotoListViewControllerDelegate.swift; sourceTree = "<group>"; };
		BE5B76592B5C1AAF00BA5F60 /* PhotoListCellControllerDelegate.swift */ = {isa = PBXFileReference; lastKnownFileType = sourcecode.swift; path = PhotoListCellControllerDelegate.swift; sourceTree = "<group>"; };
		BE5DFCF82A5C0CAF007BD8A7 /* PhotoImageDataLoaderAdapterTests.swift */ = {isa = PBXFileReference; lastKnownFileType = sourcecode.swift; path = PhotoImageDataLoaderAdapterTests.swift; sourceTree = "<group>"; };
		BE5DFCFA2A5C14FF007BD8A7 /* PhotoImageDataLoaderAdapter.swift */ = {isa = PBXFileReference; lastKnownFileType = sourcecode.swift; path = PhotoImageDataLoaderAdapter.swift; sourceTree = "<group>"; };
		BE5DFCFC2A5C1AAD007BD8A7 /* ImageDataLoader.swift */ = {isa = PBXFileReference; lastKnownFileType = sourcecode.swift; path = ImageDataLoader.swift; sourceTree = "<group>"; };
		BE5DFCFF2A5C43F0007BD8A7 /* LoadCachedImageDataUseCaseTests.swift */ = {isa = PBXFileReference; lastKnownFileType = sourcecode.swift; path = LoadCachedImageDataUseCaseTests.swift; sourceTree = "<group>"; };
		BE62278E2A63FFFC0082ED1B /* PhotoDetailIntegrationTests.swift */ = {isa = PBXFileReference; lastKnownFileType = sourcecode.swift; path = PhotoDetailIntegrationTests.swift; sourceTree = "<group>"; };
		BE6560332A52D4A300CCD5D6 /* PicsumApp.app */ = {isa = PBXFileReference; explicitFileType = wrapper.application; includeInIndex = 0; path = PicsumApp.app; sourceTree = BUILT_PRODUCTS_DIR; };
		BE6560362A52D4A300CCD5D6 /* AppDelegate.swift */ = {isa = PBXFileReference; lastKnownFileType = sourcecode.swift; path = AppDelegate.swift; sourceTree = "<group>"; };
		BE6560382A52D4A300CCD5D6 /* SceneDelegate.swift */ = {isa = PBXFileReference; lastKnownFileType = sourcecode.swift; path = SceneDelegate.swift; sourceTree = "<group>"; };
		BE65603F2A52D4A400CCD5D6 /* Assets.xcassets */ = {isa = PBXFileReference; lastKnownFileType = folder.assetcatalog; path = Assets.xcassets; sourceTree = "<group>"; };
		BE6560422A52D4A400CCD5D6 /* Base */ = {isa = PBXFileReference; lastKnownFileType = file.storyboard; name = Base; path = Base.lproj/LaunchScreen.storyboard; sourceTree = "<group>"; };
		BE6560442A52D4A400CCD5D6 /* Info.plist */ = {isa = PBXFileReference; lastKnownFileType = text.plist.xml; path = Info.plist; sourceTree = "<group>"; };
		BE6560492A52D4A400CCD5D6 /* PicsumAppTests.xctest */ = {isa = PBXFileReference; explicitFileType = wrapper.cfbundle; includeInIndex = 0; path = PicsumAppTests.xctest; sourceTree = BUILT_PRODUCTS_DIR; };
		BE6560662A52D5F000CCD5D6 /* PicsumApp.xctestplan */ = {isa = PBXFileReference; lastKnownFileType = text; path = PicsumApp.xctestplan; sourceTree = "<group>"; };
		BE6560682A52DF8900CCD5D6 /* XCTestCase+MemoryLeakTracking.swift */ = {isa = PBXFileReference; lastKnownFileType = sourcecode.swift; path = "XCTestCase+MemoryLeakTracking.swift"; sourceTree = "<group>"; };
		BE65606B2A52EE1100CCD5D6 /* Photo.swift */ = {isa = PBXFileReference; lastKnownFileType = sourcecode.swift; path = Photo.swift; sourceTree = "<group>"; };
		BE65606E2A52EE8200CCD5D6 /* PhotosLoader.swift */ = {isa = PBXFileReference; lastKnownFileType = sourcecode.swift; path = PhotosLoader.swift; sourceTree = "<group>"; };
		BE6560712A53237B00CCD5D6 /* PhotoListViewModel.swift */ = {isa = PBXFileReference; lastKnownFileType = sourcecode.swift; path = PhotoListViewModel.swift; sourceTree = "<group>"; };
		BE6645C72B5A7B68003737D5 /* PhotoDetailContainerIntegrationTests.swift */ = {isa = PBXFileReference; lastKnownFileType = sourcecode.swift; path = PhotoDetailContainerIntegrationTests.swift; sourceTree = "<group>"; };
		BE6645C92B5A82D5003737D5 /* PhotoDetailContainerComposer.swift */ = {isa = PBXFileReference; lastKnownFileType = sourcecode.swift; path = PhotoDetailContainerComposer.swift; sourceTree = "<group>"; };
		BE6645CB2B5AA7EE003737D5 /* PhotoDetailContainer+Helpers.swift */ = {isa = PBXFileReference; lastKnownFileType = sourcecode.swift; path = "PhotoDetailContainer+Helpers.swift"; sourceTree = "<group>"; };
		BE6975862B541208009C3651 /* PhotoDetailView.swift */ = {isa = PBXFileReference; lastKnownFileType = sourcecode.swift; path = PhotoDetailView.swift; sourceTree = "<group>"; };
		BE6E12A12B32E5F300214E4B /* Paginated.swift */ = {isa = PBXFileReference; lastKnownFileType = sourcecode.swift; path = Paginated.swift; sourceTree = "<group>"; };
		BE73DE802A58495900B5F438 /* PhotoImageEndpointTests.swift */ = {isa = PBXFileReference; lastKnownFileType = sourcecode.swift; path = PhotoImageEndpointTests.swift; sourceTree = "<group>"; };
		BE73DE822A584B5A00B5F438 /* PhotoImageEndpoint.swift */ = {isa = PBXFileReference; lastKnownFileType = sourcecode.swift; path = PhotoImageEndpoint.swift; sourceTree = "<group>"; };
		BE756CE02A628EE4000636F0 /* SceneDelegateTests.swift */ = {isa = PBXFileReference; lastKnownFileType = sourcecode.swift; path = SceneDelegateTests.swift; sourceTree = "<group>"; };
		BE76D4572A7CE436000EA213 /* HTTPURLResponse+StatusCode.swift */ = {isa = PBXFileReference; lastKnownFileType = sourcecode.swift; path = "HTTPURLResponse+StatusCode.swift"; sourceTree = "<group>"; };
		BE76D4592A7D5752000EA213 /* XCTestCase+AssertThrows.swift */ = {isa = PBXFileReference; lastKnownFileType = sourcecode.swift; path = "XCTestCase+AssertThrows.swift"; sourceTree = "<group>"; };
		BE78E2882A653F4F00FBBF1A /* LocalImageDataCacheIntegrationTests.swift */ = {isa = PBXFileReference; lastKnownFileType = sourcecode.swift; path = LocalImageDataCacheIntegrationTests.swift; sourceTree = "<group>"; };
		BE7936A22B5B170E00CFC3AC /* View+Inspecting.swift */ = {isa = PBXFileReference; lastKnownFileType = sourcecode.swift; path = "View+Inspecting.swift"; sourceTree = "<group>"; };
		BE7936A42B5B211500CFC3AC /* PhotoDetailStore.swift */ = {isa = PBXFileReference; lastKnownFileType = sourcecode.swift; path = PhotoDetailStore.swift; sourceTree = "<group>"; };
		BE81030E2A559EB700CE012A /* PhotoListCell+TestHelpers.swift */ = {isa = PBXFileReference; lastKnownFileType = sourcecode.swift; path = "PhotoListCell+TestHelpers.swift"; sourceTree = "<group>"; };
		BE8103102A559F4C00CE012A /* PhotoListViewController+TestHelpers.swift */ = {isa = PBXFileReference; lastKnownFileType = sourcecode.swift; path = "PhotoListViewController+TestHelpers.swift"; sourceTree = "<group>"; };
		BE8103122A55C19700CE012A /* PhotoListCellController.swift */ = {isa = PBXFileReference; lastKnownFileType = sourcecode.swift; path = PhotoListCellController.swift; sourceTree = "<group>"; };
		BE8103142A55C2C400CE012A /* PhotoListComposer.swift */ = {isa = PBXFileReference; lastKnownFileType = sourcecode.swift; path = PhotoListComposer.swift; sourceTree = "<group>"; };
		BE81BCF32B52EA9A00C9E6A1 /* PhotoGridView.swift */ = {isa = PBXFileReference; lastKnownFileType = sourcecode.swift; path = PhotoGridView.swift; sourceTree = "<group>"; };
		BE9E00E52B443ADF003439C1 /* SwiftDataImageDataStoreTests.swift */ = {isa = PBXFileReference; lastKnownFileType = sourcecode.swift; path = SwiftDataImageDataStoreTests.swift; sourceTree = "<group>"; };
		BE9E00E72B44560E003439C1 /* SwiftDataImageDataStore.swift */ = {isa = PBXFileReference; lastKnownFileType = sourcecode.swift; path = SwiftDataImageDataStore.swift; sourceTree = "<group>"; };
		BEA70FB32B319F22001D667B /* RefreshControlSpy.swift */ = {isa = PBXFileReference; lastKnownFileType = sourcecode.swift; path = RefreshControlSpy.swift; sourceTree = "<group>"; };
		BEB90FB62A5F0A6500A22904 /* ContextDidSaveNotificationSpy.swift */ = {isa = PBXFileReference; lastKnownFileType = sourcecode.swift; path = ContextDidSaveNotificationSpy.swift; sourceTree = "<group>"; };
		BEC368652B32F505001888E0 /* PaginatedPhotosLoaderAdapterTests.swift */ = {isa = PBXFileReference; lastKnownFileType = sourcecode.swift; path = PaginatedPhotosLoaderAdapterTests.swift; sourceTree = "<group>"; };
		BEC368672B331A6B001888E0 /* PaginatedPhotosLoaderAdapter.swift */ = {isa = PBXFileReference; lastKnownFileType = sourcecode.swift; path = PaginatedPhotosLoaderAdapter.swift; sourceTree = "<group>"; };
		BEC9C53A2A5C56730043B0C9 /* ImageDataStore.swift */ = {isa = PBXFileReference; lastKnownFileType = sourcecode.swift; path = ImageDataStore.swift; sourceTree = "<group>"; };
		BEC9C53C2A5C56930043B0C9 /* LocalImageDataLoader.swift */ = {isa = PBXFileReference; lastKnownFileType = sourcecode.swift; path = LocalImageDataLoader.swift; sourceTree = "<group>"; };
		BED008B82A5FE763002D94F5 /* ImageDataCache.swift */ = {isa = PBXFileReference; lastKnownFileType = sourcecode.swift; path = ImageDataCache.swift; sourceTree = "<group>"; };
		BED283B52A5C6DB100521BC8 /* Date+TestHelpers.swift */ = {isa = PBXFileReference; lastKnownFileType = sourcecode.swift; path = "Date+TestHelpers.swift"; sourceTree = "<group>"; };
		BED283B72A5C6E7500521BC8 /* ImageDataStoreSpy.swift */ = {isa = PBXFileReference; lastKnownFileType = sourcecode.swift; path = ImageDataStoreSpy.swift; sourceTree = "<group>"; };
		BED4E3AB2B5184D600089CEA /* PhotoGridItem.swift */ = {isa = PBXFileReference; lastKnownFileType = sourcecode.swift; path = PhotoGridItem.swift; sourceTree = "<group>"; };
		BED4E3AE2B51858C00089CEA /* UIImage+Helpers.swift */ = {isa = PBXFileReference; lastKnownFileType = sourcecode.swift; path = "UIImage+Helpers.swift"; sourceTree = "<group>"; };
		BED4E3B02B51938800089CEA /* Shimmer.swift */ = {isa = PBXFileReference; lastKnownFileType = sourcecode.swift; path = Shimmer.swift; sourceTree = "<group>"; };
		BED8ECCC2A5340870077FFF9 /* PhotoListIntegrationTests.swift */ = {isa = PBXFileReference; lastKnownFileType = sourcecode.swift; path = PhotoListIntegrationTests.swift; sourceTree = "<group>"; };
		BED8ECCE2A53428C0077FFF9 /* PhotosLoaderSpy.swift */ = {isa = PBXFileReference; lastKnownFileType = sourcecode.swift; path = PhotosLoaderSpy.swift; sourceTree = "<group>"; };
		BED8ECD32A536D9E0077FFF9 /* UIRefreshControl+TestHelpers.swift */ = {isa = PBXFileReference; lastKnownFileType = sourcecode.swift; path = "UIRefreshControl+TestHelpers.swift"; sourceTree = "<group>"; };
		BED8ECD52A536DC90077FFF9 /* UIControl+TestHelpers.swift */ = {isa = PBXFileReference; lastKnownFileType = sourcecode.swift; path = "UIControl+TestHelpers.swift"; sourceTree = "<group>"; };
		BEE65CF42A5745E3001872BB /* URLSessionHTTPClient.swift */ = {isa = PBXFileReference; lastKnownFileType = sourcecode.swift; path = URLSessionHTTPClient.swift; sourceTree = "<group>"; };
		BEE811C32A5D624900A2F7D7 /* InvalidateCachedImageDataUseCaseTests.swift */ = {isa = PBXFileReference; lastKnownFileType = sourcecode.swift; path = InvalidateCachedImageDataUseCaseTests.swift; sourceTree = "<group>"; };
		BEE811C52A5D69D900A2F7D7 /* CacheTestHelpers.swift */ = {isa = PBXFileReference; lastKnownFileType = sourcecode.swift; path = CacheTestHelpers.swift; sourceTree = "<group>"; };
		BEE811C72A5DE87200A2F7D7 /* CacheImageDataPolicy.swift */ = {isa = PBXFileReference; lastKnownFileType = sourcecode.swift; path = CacheImageDataPolicy.swift; sourceTree = "<group>"; };
		BEF0B5262A6002DF0024625A /* ImageDataLoaderCacheDecorator.swift */ = {isa = PBXFileReference; lastKnownFileType = sourcecode.swift; path = ImageDataLoaderCacheDecorator.swift; sourceTree = "<group>"; };
		BEF0B52C2A6008C30024625A /* ImageDataLoaderWithFallbackCompositeTests.swift */ = {isa = PBXFileReference; lastKnownFileType = sourcecode.swift; path = ImageDataLoaderWithFallbackCompositeTests.swift; sourceTree = "<group>"; };
		BEF0B52E2A600CA40024625A /* ImageDataLoaderWithFallbackComposite.swift */ = {isa = PBXFileReference; lastKnownFileType = sourcecode.swift; path = ImageDataLoaderWithFallbackComposite.swift; sourceTree = "<group>"; };
		BEF6E3882A6428B6004C6511 /* PhotoDetailViewController+TestHelpers.swift */ = {isa = PBXFileReference; lastKnownFileType = sourcecode.swift; path = "PhotoDetailViewController+TestHelpers.swift"; sourceTree = "<group>"; };
		BEF6E38A2A64296F004C6511 /* PhotoDetailViewController.swift */ = {isa = PBXFileReference; lastKnownFileType = sourcecode.swift; path = PhotoDetailViewController.swift; sourceTree = "<group>"; };
		BEF6E38C2A645D24004C6511 /* PhotoDetailComposer.swift */ = {isa = PBXFileReference; lastKnownFileType = sourcecode.swift; path = PhotoDetailComposer.swift; sourceTree = "<group>"; };
		BEF6E38E2A645E46004C6511 /* PhotoDetailViewModel.swift */ = {isa = PBXFileReference; lastKnownFileType = sourcecode.swift; path = PhotoDetailViewModel.swift; sourceTree = "<group>"; };
		BEF751D52B4D5DEB00F49FD7 /* PhotoDetailPresentationAdapter.swift */ = {isa = PBXFileReference; lastKnownFileType = sourcecode.swift; path = PhotoDetailPresentationAdapter.swift; sourceTree = "<group>"; };
		BEF751D72B4D874300F49FD7 /* PhotoImagePresentationAdapter.swift */ = {isa = PBXFileReference; lastKnownFileType = sourcecode.swift; path = PhotoImagePresentationAdapter.swift; sourceTree = "<group>"; };
		BEF751D92B4D90D200F49FD7 /* PhotoViewComposer.swift */ = {isa = PBXFileReference; lastKnownFileType = sourcecode.swift; path = PhotoViewComposer.swift; sourceTree = "<group>"; };
		BEF751DB2B4D9E2E00F49FD7 /* PhotoListPresentationAdapter.swift */ = {isa = PBXFileReference; lastKnownFileType = sourcecode.swift; path = PhotoListPresentationAdapter.swift; sourceTree = "<group>"; };
/* End PBXFileReference section */

/* Begin PBXFrameworksBuildPhase section */
		BE6560302A52D4A300CCD5D6 /* Frameworks */ = {
			isa = PBXFrameworksBuildPhase;
			buildActionMask = 2147483647;
			files = (
			);
			runOnlyForDeploymentPostprocessing = 0;
		};
		BE6560462A52D4A400CCD5D6 /* Frameworks */ = {
			isa = PBXFrameworksBuildPhase;
			buildActionMask = 2147483647;
			files = (
				BE37F78D2B553F530098FF2E /* ViewInspector in Frameworks */,
			);
			runOnlyForDeploymentPostprocessing = 0;
		};
/* End PBXFrameworksBuildPhase section */

/* Begin PBXGroup section */
		BE1FD4EB2A5423740021777F /* Controllers */ = {
			isa = PBXGroup;
			children = (
				BE1FD4EC2A5423860021777F /* PhotoListViewController.swift */,
				BE8103122A55C19700CE012A /* PhotoListCellController.swift */,
				BEF6E38A2A64296F004C6511 /* PhotoDetailViewController.swift */,
			);
			path = Controllers;
			sourceTree = "<group>";
		};
		BE2808622B59605000219CB4 /* Views */ = {
			isa = PBXGroup;
			children = (
				BED4E3B22B519D6300089CEA /* Helpers */,
				BED4E3AB2B5184D600089CEA /* PhotoGridItem.swift */,
				BE81BCF32B52EA9A00C9E6A1 /* PhotoGridView.swift */,
				BE6975862B541208009C3651 /* PhotoDetailView.swift */,
			);
			path = Views;
			sourceTree = "<group>";
		};
		BE2808632B59605D00219CB4 /* Stores */ = {
			isa = PBXGroup;
			children = (
				BE2808642B59609100219CB4 /* PhotoGridStore.swift */,
				BE2808662B5960EE00219CB4 /* PhotoGridItemStore.swift */,
				BE7936A42B5B211500CFC3AC /* PhotoDetailStore.swift */,
			);
			path = Stores;
			sourceTree = "<group>";
		};
		BE2808682B5961CE00219CB4 /* Helpers */ = {
			isa = PBXGroup;
			children = (
				BE2808692B5961ED00219CB4 /* PhotoGridView+Helpers.swift */,
				BE28086B2B59626500219CB4 /* PhotoGridItem+Helpers.swift */,
				BE6645CB2B5AA7EE003737D5 /* PhotoDetailContainer+Helpers.swift */,
			);
			path = Helpers;
			sourceTree = "<group>";
		};
		BE28086D2B5962C100219CB4 /* UIKit */ = {
			isa = PBXGroup;
			children = (
				BEF0B52A2A6005640024625A /* Helpers */,
				BED8ECCC2A5340870077FFF9 /* PhotoListIntegrationTests.swift */,
				BE62278E2A63FFFC0082ED1B /* PhotoDetailIntegrationTests.swift */,
			);
			path = UIKit;
			sourceTree = "<group>";
		};
		BE28086E2B5962DE00219CB4 /* UIKit */ = {
			isa = PBXGroup;
			children = (
				BE6560702A53236900CCD5D6 /* ViewModels */,
				BE1FD4EB2A5423740021777F /* Controllers */,
				BE4876D62A542E2D00F6AE3F /* Views */,
			);
			path = UIKit;
			sourceTree = "<group>";
		};
		BE28086F2B59634500219CB4 /* Helpers */ = {
			isa = PBXGroup;
			children = (
				BE2808702B59636900219CB4 /* PhotosLoaderSpyResultHelpers.swift */,
			);
			path = Helpers;
			sourceTree = "<group>";
		};
		BE36355F2A5FEA520039EECD /* Composition */ = {
			isa = PBXGroup;
			children = (
				BE5B76542B5C195800BA5F60 /* Composers */,
				BE5DFCFA2A5C14FF007BD8A7 /* PhotoImageDataLoaderAdapter.swift */,
				BEF0B5262A6002DF0024625A /* ImageDataLoaderCacheDecorator.swift */,
				BEF0B52E2A600CA40024625A /* ImageDataLoaderWithFallbackComposite.swift */,
				BEC368672B331A6B001888E0 /* PaginatedPhotosLoaderAdapter.swift */,
				BEF751D52B4D5DEB00F49FD7 /* PhotoDetailPresentationAdapter.swift */,
				BEF751D72B4D874300F49FD7 /* PhotoImagePresentationAdapter.swift */,
				BEF751DB2B4D9E2E00F49FD7 /* PhotoListPresentationAdapter.swift */,
			);
			path = Composition;
			sourceTree = "<group>";
		};
		BE3635602A5FEACF0039EECD /* UI */ = {
			isa = PBXGroup;
			children = (
				BEC368692B333F79001888E0 /* Collaborators */,
				BE28086E2B5962DE00219CB4 /* UIKit */,
				BED4E3AA2B51849E00089CEA /* SwiftUI */,
			);
			path = UI;
			sourceTree = "<group>";
		};
		BE3635612A5FEB080039EECD /* Infrastructure */ = {
			isa = PBXGroup;
			children = (
				BE54967F2A5702C900D402A3 /* HTTPClient.swift */,
				BEE65CF42A5745E3001872BB /* URLSessionHTTPClient.swift */,
				BE6E12A12B32E5F300214E4B /* Paginated.swift */,
			);
			path = Infrastructure;
			sourceTree = "<group>";
		};
		BE3635622A5FEBA20039EECD /* Infrastructure */ = {
			isa = PBXGroup;
			children = (
				BE9E00E72B44560E003439C1 /* SwiftDataImageDataStore.swift */,
			);
			path = Infrastructure;
			sourceTree = "<group>";
		};
		BE37F6892B553C700098FF2E /* SwiftUI */ = {
			isa = PBXGroup;
			children = (
				BE2808682B5961CE00219CB4 /* Helpers */,
				BE37F7892B553D0F0098FF2E /* PhotoGridIntegrationTests.swift */,
				BE6645C72B5A7B68003737D5 /* PhotoDetailContainerIntegrationTests.swift */,
			);
			path = SwiftUI;
			sourceTree = "<group>";
		};
		BE4876D62A542E2D00F6AE3F /* Views */ = {
			isa = PBXGroup;
			children = (
				BE4876DB2A54993600F6AE3F /* Helpers */,
				BE4876D72A542E4900F6AE3F /* PhotoListCell.swift */,
			);
			path = Views;
			sourceTree = "<group>";
		};
		BE4876DB2A54993600F6AE3F /* Helpers */ = {
			isa = PBXGroup;
			children = (
				BE4876DC2A54996900F6AE3F /* ShimmeringView.swift */,
			);
			path = Helpers;
			sourceTree = "<group>";
		};
		BE4983542B48556100CD03C6 /* Main */ = {
			isa = PBXGroup;
			children = (
				BE4983562B4855B800CD03C6 /* Helpers */,
				BE756CE02A628EE4000636F0 /* SceneDelegateTests.swift */,
				BE21A9CE2B46FC6C000385B1 /* PhotoListAcceptanceTests.swift */,
			);
			path = Main;
			sourceTree = "<group>";
		};
		BE4983552B48556B00CD03C6 /* Main */ = {
			isa = PBXGroup;
			children = (
				BE6560362A52D4A300CCD5D6 /* AppDelegate.swift */,
				BE6560382A52D4A300CCD5D6 /* SceneDelegate.swift */,
				BE2808722B5966DC00219CB4 /* PicsumApp.swift */,
			);
			path = Main;
			sourceTree = "<group>";
		};
		BE4983562B4855B800CD03C6 /* Helpers */ = {
			isa = PBXGroup;
			children = (
				BE4983572B4855D400CD03C6 /* HTTPClientStub.swift */,
				BE4983592B48562300CD03C6 /* InMemoryImageDataStore.swift */,
			);
			path = Helpers;
			sourceTree = "<group>";
		};
		BE5496792A56CFBF00D402A3 /* Endpoints */ = {
			isa = PBXGroup;
			children = (
				BE54967A2A56CFEC00D402A3 /* PhotosEndpoint.swift */,
				BE73DE822A584B5A00B5F438 /* PhotoImageEndpoint.swift */,
			);
			path = Endpoints;
			sourceTree = "<group>";
		};
		BE54967E2A57029200D402A3 /* Networking */ = {
			isa = PBXGroup;
			children = (
				BE76D4562A7CE405000EA213 /* Helpers */,
				BE3635612A5FEB080039EECD /* Infrastructure */,
				BE5496792A56CFBF00D402A3 /* Endpoints */,
				BE5496812A57032B00D402A3 /* RemotePhotosLoader.swift */,
				BE5496832A5705E000D402A3 /* PhotosResponseConverter.swift */,
				BE54968B2A57156E00D402A3 /* RemoteImageDataLoader.swift */,
			);
			path = Networking;
			sourceTree = "<group>";
		};
		BE5B76542B5C195800BA5F60 /* Composers */ = {
			isa = PBXGroup;
			children = (
				BE5B76552B5C196B00BA5F60 /* UIKit */,
				BE5B76562B5C198000BA5F60 /* SwiftUI */,
			);
			path = Composers;
			sourceTree = "<group>";
		};
		BE5B76552B5C196B00BA5F60 /* UIKit */ = {
			isa = PBXGroup;
			children = (
				BE8103142A55C2C400CE012A /* PhotoListComposer.swift */,
				BEF751D92B4D90D200F49FD7 /* PhotoViewComposer.swift */,
				BEF6E38C2A645D24004C6511 /* PhotoDetailComposer.swift */,
			);
			path = UIKit;
			sourceTree = "<group>";
		};
		BE5B76562B5C198000BA5F60 /* SwiftUI */ = {
			isa = PBXGroup;
			children = (
				BE37F78E2B5540C50098FF2E /* PhotoGridComposer.swift */,
				BE6645C92B5A82D5003737D5 /* PhotoDetailContainerComposer.swift */,
			);
			path = SwiftUI;
			sourceTree = "<group>";
		};
		BE5DFCF62A5C0988007BD8A7 /* Networking */ = {
			isa = PBXGroup;
			children = (
				BE5DFCF72A5C0998007BD8A7 /* Helpers */,
				BE73DE802A58495900B5F438 /* PhotoImageEndpointTests.swift */,
				BE5496772A56CAFA00D402A3 /* PhotosEndpointTests.swift */,
				BE54967C2A56D24500D402A3 /* RemotePhotosLoaderTests.swift */,
				BE5496872A570ED400D402A3 /* RemoteImageDataLoaderTests.swift */,
				BE54968D2A572B6B00D402A3 /* URLSessionHTTPClientTests.swift */,
			);
			path = Networking;
			sourceTree = "<group>";
		};
		BE5DFCF72A5C0998007BD8A7 /* Helpers */ = {
			isa = PBXGroup;
			children = (
				BE5496852A570DF600D402A3 /* ClientSpy.swift */,
				BE5496892A57137600D402A3 /* HTTPURLResponse+TestHelpers.swift */,
			);
			path = Helpers;
			sourceTree = "<group>";
		};
		BE5DFCFE2A5C43AF007BD8A7 /* Cache */ = {
			isa = PBXGroup;
			children = (
				BED283B42A5C6D9C00521BC8 /* Helpers */,
				BE5DFCFF2A5C43F0007BD8A7 /* LoadCachedImageDataUseCaseTests.swift */,
				BE525AEB2A5D4672000D3071 /* CacheImageDataUseCaseTests.swift */,
				BEE811C32A5D624900A2F7D7 /* InvalidateCachedImageDataUseCaseTests.swift */,
				BE9E00E52B443ADF003439C1 /* SwiftDataImageDataStoreTests.swift */,
				BE78E2882A653F4F00FBBF1A /* LocalImageDataCacheIntegrationTests.swift */,
			);
			path = Cache;
			sourceTree = "<group>";
		};
		BE65602A2A52D4A300CCD5D6 = {
			isa = PBXGroup;
			children = (
				BE6560662A52D5F000CCD5D6 /* PicsumApp.xctestplan */,
				BE6560352A52D4A300CCD5D6 /* PicsumApp */,
				BE65604C2A52D4A400CCD5D6 /* PicsumAppTests */,
				BE6560342A52D4A300CCD5D6 /* Products */,
			);
			sourceTree = "<group>";
		};
		BE6560342A52D4A300CCD5D6 /* Products */ = {
			isa = PBXGroup;
			children = (
				BE6560332A52D4A300CCD5D6 /* PicsumApp.app */,
				BE6560492A52D4A400CCD5D6 /* PicsumAppTests.xctest */,
			);
			name = Products;
			sourceTree = "<group>";
		};
		BE6560352A52D4A300CCD5D6 /* PicsumApp */ = {
			isa = PBXGroup;
			children = (
				BE65606D2A52EE6800CCD5D6 /* Features */,
				BE54967E2A57029200D402A3 /* Networking */,
				BEC9C5392A5C564B0043B0C9 /* Cache */,
				BE3635602A5FEACF0039EECD /* UI */,
				BE36355F2A5FEA520039EECD /* Composition */,
				BE4983552B48556B00CD03C6 /* Main */,
				BED4E3AD2B51854600089CEA /* Preview Content */,
				BE65603F2A52D4A400CCD5D6 /* Assets.xcassets */,
				BE6560412A52D4A400CCD5D6 /* LaunchScreen.storyboard */,
				BE6560442A52D4A400CCD5D6 /* Info.plist */,
			);
			path = PicsumApp;
			sourceTree = "<group>";
		};
		BE65604C2A52D4A400CCD5D6 /* PicsumAppTests */ = {
			isa = PBXGroup;
			children = (
				BE6560672A52DF7C00CCD5D6 /* Helpers */,
				BE5DFCF62A5C0988007BD8A7 /* Networking */,
				BE5DFCFE2A5C43AF007BD8A7 /* Cache */,
				BEF0B5292A60054D0024625A /* UI */,
				BEF0B5282A6004DC0024625A /* Composition */,
				BE4983542B48556100CD03C6 /* Main */,
			);
			path = PicsumAppTests;
			sourceTree = "<group>";
		};
		BE6560672A52DF7C00CCD5D6 /* Helpers */ = {
			isa = PBXGroup;
			children = (
				BE1FD4E92A5421CE0021777F /* SharedHelpers.swift */,
				BE6560682A52DF8900CCD5D6 /* XCTestCase+MemoryLeakTracking.swift */,
				BE76D4592A7D5752000EA213 /* XCTestCase+AssertThrows.swift */,
				BE3691082A5566EE00DF0560 /* UIImage+TestHelpers.swift */,
				BED8ECCE2A53428C0077FFF9 /* PhotosLoaderSpy.swift */,
			);
			path = Helpers;
			sourceTree = "<group>";
		};
		BE65606D2A52EE6800CCD5D6 /* Features */ = {
			isa = PBXGroup;
			children = (
				BE65606B2A52EE1100CCD5D6 /* Photo.swift */,
				BE65606E2A52EE8200CCD5D6 /* PhotosLoader.swift */,
				BE5DFCFC2A5C1AAD007BD8A7 /* ImageDataLoader.swift */,
				BED008B82A5FE763002D94F5 /* ImageDataCache.swift */,
			);
			path = Features;
			sourceTree = "<group>";
		};
		BE6560702A53236900CCD5D6 /* ViewModels */ = {
			isa = PBXGroup;
			children = (
				BE6560712A53237B00CCD5D6 /* PhotoListViewModel.swift */,
				BE5496752A56BA1300D402A3 /* PhotoImageViewModel.swift */,
				BEF6E38E2A645E46004C6511 /* PhotoDetailViewModel.swift */,
			);
			path = ViewModels;
			sourceTree = "<group>";
		};
		BE76D4562A7CE405000EA213 /* Helpers */ = {
			isa = PBXGroup;
			children = (
				BE76D4572A7CE436000EA213 /* HTTPURLResponse+StatusCode.swift */,
			);
			path = Helpers;
			sourceTree = "<group>";
		};
		BEC368692B333F79001888E0 /* Collaborators */ = {
			isa = PBXGroup;
			children = (
				BE4876D92A547B2A00F6AE3F /* PhotoImageDataLoader.swift */,
				BE5B76572B5C1A7000BA5F60 /* PhotoListViewControllerDelegate.swift */,
				BE5B76592B5C1AAF00BA5F60 /* PhotoListCellControllerDelegate.swift */,
			);
			path = Collaborators;
			sourceTree = "<group>";
		};
		BEC9C5392A5C564B0043B0C9 /* Cache */ = {
			isa = PBXGroup;
			children = (
				BE3635622A5FEBA20039EECD /* Infrastructure */,
				BEC9C53A2A5C56730043B0C9 /* ImageDataStore.swift */,
				BEC9C53C2A5C56930043B0C9 /* LocalImageDataLoader.swift */,
				BEE811C72A5DE87200A2F7D7 /* CacheImageDataPolicy.swift */,
			);
			path = Cache;
			sourceTree = "<group>";
		};
		BED283B42A5C6D9C00521BC8 /* Helpers */ = {
			isa = PBXGroup;
			children = (
				BED283B52A5C6DB100521BC8 /* Date+TestHelpers.swift */,
				BED283B72A5C6E7500521BC8 /* ImageDataStoreSpy.swift */,
				BEE811C52A5D69D900A2F7D7 /* CacheTestHelpers.swift */,
				BEB90FB62A5F0A6500A22904 /* ContextDidSaveNotificationSpy.swift */,
			);
			path = Helpers;
			sourceTree = "<group>";
		};
		BED4E3AA2B51849E00089CEA /* SwiftUI */ = {
			isa = PBXGroup;
			children = (
				BE2808632B59605D00219CB4 /* Stores */,
				BE2808622B59605000219CB4 /* Views */,
			);
			path = SwiftUI;
			sourceTree = "<group>";
		};
		BED4E3AD2B51854600089CEA /* Preview Content */ = {
			isa = PBXGroup;
			children = (
				BED4E3AE2B51858C00089CEA /* UIImage+Helpers.swift */,
				BE5B76502B5C11E700BA5F60 /* PhotoListViewControllerDelegateStub.swift */,
				BE5B76522B5C12B300BA5F60 /* PreviewHelpers.swift */,
			);
			path = "Preview Content";
			sourceTree = "<group>";
		};
		BED4E3B22B519D6300089CEA /* Helpers */ = {
			isa = PBXGroup;
			children = (
				BED4E3B02B51938800089CEA /* Shimmer.swift */,
				BE7936A22B5B170E00CFC3AC /* View+Inspecting.swift */,
			);
			path = Helpers;
			sourceTree = "<group>";
		};
		BEF0B5282A6004DC0024625A /* Composition */ = {
			isa = PBXGroup;
			children = (
				BEF0B52B2A6005D30024625A /* Helpers */,
				BE5DFCF82A5C0CAF007BD8A7 /* PhotoImageDataLoaderAdapterTests.swift */,
				BE3635632A5FF8C30039EECD /* ImageDataLoaderCacheDecoratorTests.swift */,
				BEF0B52C2A6008C30024625A /* ImageDataLoaderWithFallbackCompositeTests.swift */,
				BEC368652B32F505001888E0 /* PaginatedPhotosLoaderAdapterTests.swift */,
			);
			path = Composition;
			sourceTree = "<group>";
		};
		BEF0B5292A60054D0024625A /* UI */ = {
			isa = PBXGroup;
			children = (
				BE28086F2B59634500219CB4 /* Helpers */,
				BE28086D2B5962C100219CB4 /* UIKit */,
				BE37F6892B553C700098FF2E /* SwiftUI */,
			);
			path = UI;
			sourceTree = "<group>";
		};
		BEF0B52A2A6005640024625A /* Helpers */ = {
			isa = PBXGroup;
			children = (
				BED8ECD32A536D9E0077FFF9 /* UIRefreshControl+TestHelpers.swift */,
				BED8ECD52A536DC90077FFF9 /* UIControl+TestHelpers.swift */,
				BE8103102A559F4C00CE012A /* PhotoListViewController+TestHelpers.swift */,
				BE81030E2A559EB700CE012A /* PhotoListCell+TestHelpers.swift */,
				BEF6E3882A6428B6004C6511 /* PhotoDetailViewController+TestHelpers.swift */,
				BEA70FB32B319F22001D667B /* RefreshControlSpy.swift */,
			);
			path = Helpers;
			sourceTree = "<group>";
		};
		BEF0B52B2A6005D30024625A /* Helpers */ = {
			isa = PBXGroup;
			children = (
				BE3635652A5FF9970039EECD /* ImageDataLoaderSpy.swift */,
			);
			path = Helpers;
			sourceTree = "<group>";
		};
/* End PBXGroup section */

/* Begin PBXNativeTarget section */
		BE6560322A52D4A300CCD5D6 /* PicsumApp */ = {
			isa = PBXNativeTarget;
			buildConfigurationList = BE65605D2A52D4A400CCD5D6 /* Build configuration list for PBXNativeTarget "PicsumApp" */;
			buildPhases = (
				BE65602F2A52D4A300CCD5D6 /* Sources */,
				BE6560302A52D4A300CCD5D6 /* Frameworks */,
				BE6560312A52D4A300CCD5D6 /* Resources */,
			);
			buildRules = (
			);
			dependencies = (
			);
			name = PicsumApp;
			productName = PicsumApp;
			productReference = BE6560332A52D4A300CCD5D6 /* PicsumApp.app */;
			productType = "com.apple.product-type.application";
		};
		BE6560482A52D4A400CCD5D6 /* PicsumAppTests */ = {
			isa = PBXNativeTarget;
			buildConfigurationList = BE6560602A52D4A400CCD5D6 /* Build configuration list for PBXNativeTarget "PicsumAppTests" */;
			buildPhases = (
				BE6560452A52D4A400CCD5D6 /* Sources */,
				BE6560462A52D4A400CCD5D6 /* Frameworks */,
				BE6560472A52D4A400CCD5D6 /* Resources */,
			);
			buildRules = (
			);
			dependencies = (
				BE65604B2A52D4A400CCD5D6 /* PBXTargetDependency */,
			);
			name = PicsumAppTests;
			packageProductDependencies = (
				BE37F78C2B553F530098FF2E /* ViewInspector */,
			);
			productName = PicsumAppTests;
			productReference = BE6560492A52D4A400CCD5D6 /* PicsumAppTests.xctest */;
			productType = "com.apple.product-type.bundle.unit-test";
		};
/* End PBXNativeTarget section */

/* Begin PBXProject section */
		BE65602B2A52D4A300CCD5D6 /* Project object */ = {
			isa = PBXProject;
			attributes = {
				BuildIndependentTargetsInParallel = 1;
				LastSwiftUpdateCheck = 1430;
				LastUpgradeCheck = 1520;
				TargetAttributes = {
					BE6560322A52D4A300CCD5D6 = {
						CreatedOnToolsVersion = 14.3.1;
					};
					BE6560482A52D4A400CCD5D6 = {
						CreatedOnToolsVersion = 14.3.1;
						TestTargetID = BE6560322A52D4A300CCD5D6;
					};
				};
			};
			buildConfigurationList = BE65602E2A52D4A300CCD5D6 /* Build configuration list for PBXProject "PicsumApp" */;
			compatibilityVersion = "Xcode 14.0";
			developmentRegion = en;
			hasScannedForEncodings = 0;
			knownRegions = (
				en,
				Base,
			);
			mainGroup = BE65602A2A52D4A300CCD5D6;
			packageReferences = (
				BE37F78B2B553F530098FF2E /* XCRemoteSwiftPackageReference "ViewInspector" */,
			);
			productRefGroup = BE6560342A52D4A300CCD5D6 /* Products */;
			projectDirPath = "";
			projectRoot = "";
			targets = (
				BE6560322A52D4A300CCD5D6 /* PicsumApp */,
				BE6560482A52D4A400CCD5D6 /* PicsumAppTests */,
			);
		};
/* End PBXProject section */

/* Begin PBXResourcesBuildPhase section */
		BE6560312A52D4A300CCD5D6 /* Resources */ = {
			isa = PBXResourcesBuildPhase;
			buildActionMask = 2147483647;
			files = (
				BE6560432A52D4A400CCD5D6 /* LaunchScreen.storyboard in Resources */,
				BE6560402A52D4A400CCD5D6 /* Assets.xcassets in Resources */,
			);
			runOnlyForDeploymentPostprocessing = 0;
		};
		BE6560472A52D4A400CCD5D6 /* Resources */ = {
			isa = PBXResourcesBuildPhase;
			buildActionMask = 2147483647;
			files = (
			);
			runOnlyForDeploymentPostprocessing = 0;
		};
/* End PBXResourcesBuildPhase section */

/* Begin PBXSourcesBuildPhase section */
		BE65602F2A52D4A300CCD5D6 /* Sources */ = {
			isa = PBXSourcesBuildPhase;
			buildActionMask = 2147483647;
			files = (
				BE2808732B5966DC00219CB4 /* PicsumApp.swift in Sources */,
				BEF6E38B2A64296F004C6511 /* PhotoDetailViewController.swift in Sources */,
				BE4876DD2A54996900F6AE3F /* ShimmeringView.swift in Sources */,
				BE37F78F2B5540C50098FF2E /* PhotoGridComposer.swift in Sources */,
				BEC9C53B2A5C56730043B0C9 /* ImageDataStore.swift in Sources */,
				BE2808652B59609100219CB4 /* PhotoGridStore.swift in Sources */,
				BEF751D62B4D5DEB00F49FD7 /* PhotoDetailPresentationAdapter.swift in Sources */,
				BE73DE832A584B5A00B5F438 /* PhotoImageEndpoint.swift in Sources */,
				BED4E3AC2B5184D600089CEA /* PhotoGridItem.swift in Sources */,
				BE65606C2A52EE1100CCD5D6 /* Photo.swift in Sources */,
				BE2808672B5960EE00219CB4 /* PhotoGridItemStore.swift in Sources */,
				BE65606F2A52EE8200CCD5D6 /* PhotosLoader.swift in Sources */,
				BE6560372A52D4A300CCD5D6 /* AppDelegate.swift in Sources */,
				BEE811C82A5DE87200A2F7D7 /* CacheImageDataPolicy.swift in Sources */,
				BE5496822A57032B00D402A3 /* RemotePhotosLoader.swift in Sources */,
				BED008B92A5FE763002D94F5 /* ImageDataCache.swift in Sources */,
				BE54968C2A57156E00D402A3 /* RemoteImageDataLoader.swift in Sources */,
				BEF751DC2B4D9E2E00F49FD7 /* PhotoListPresentationAdapter.swift in Sources */,
				BE6560722A53237B00CCD5D6 /* PhotoListViewModel.swift in Sources */,
				BE5496762A56BA1300D402A3 /* PhotoImageViewModel.swift in Sources */,
				BEF0B5272A6002DF0024625A /* ImageDataLoaderCacheDecorator.swift in Sources */,
				BE9E00E82B44560E003439C1 /* SwiftDataImageDataStore.swift in Sources */,
				BE7936A52B5B211500CFC3AC /* PhotoDetailStore.swift in Sources */,
				BE5DFCFB2A5C14FF007BD8A7 /* PhotoImageDataLoaderAdapter.swift in Sources */,
				BE6E12A22B32E5F300214E4B /* Paginated.swift in Sources */,
				BE5B765A2B5C1AAF00BA5F60 /* PhotoListCellControllerDelegate.swift in Sources */,
				BEF6E38F2A645E46004C6511 /* PhotoDetailViewModel.swift in Sources */,
				BE6645CA2B5A82D5003737D5 /* PhotoDetailContainerComposer.swift in Sources */,
				BE4876DA2A547B2A00F6AE3F /* PhotoImageDataLoader.swift in Sources */,
				BEF751DA2B4D90D200F49FD7 /* PhotoViewComposer.swift in Sources */,
				BED4E3AF2B51858C00089CEA /* UIImage+Helpers.swift in Sources */,
				BE8103132A55C19700CE012A /* PhotoListCellController.swift in Sources */,
				BE81BCF42B52EA9A00C9E6A1 /* PhotoGridView.swift in Sources */,
				BEC9C53D2A5C56930043B0C9 /* LocalImageDataLoader.swift in Sources */,
				BE8103152A55C2C400CE012A /* PhotoListComposer.swift in Sources */,
				BE54967B2A56CFEC00D402A3 /* PhotosEndpoint.swift in Sources */,
				BE76D4582A7CE436000EA213 /* HTTPURLResponse+StatusCode.swift in Sources */,
				BE5496802A5702C900D402A3 /* HTTPClient.swift in Sources */,
				BE5496842A5705E000D402A3 /* PhotosResponseConverter.swift in Sources */,
				BEF6E38D2A645D24004C6511 /* PhotoDetailComposer.swift in Sources */,
				BED4E3B12B51938800089CEA /* Shimmer.swift in Sources */,
				BE5B76582B5C1A7000BA5F60 /* PhotoListViewControllerDelegate.swift in Sources */,
				BEF751D82B4D874300F49FD7 /* PhotoImagePresentationAdapter.swift in Sources */,
				BE6560392A52D4A300CCD5D6 /* SceneDelegate.swift in Sources */,
				BE5B76512B5C11E700BA5F60 /* PhotoListViewControllerDelegateStub.swift in Sources */,
				BE6975872B541208009C3651 /* PhotoDetailView.swift in Sources */,
				BE4876D82A542E4900F6AE3F /* PhotoListCell.swift in Sources */,
				BEC368682B331A6B001888E0 /* PaginatedPhotosLoaderAdapter.swift in Sources */,
				BE5DFCFD2A5C1AAD007BD8A7 /* ImageDataLoader.swift in Sources */,
				BE7936A32B5B170E00CFC3AC /* View+Inspecting.swift in Sources */,
				BE1FD4ED2A5423860021777F /* PhotoListViewController.swift in Sources */,
				BEF0B52F2A600CA40024625A /* ImageDataLoaderWithFallbackComposite.swift in Sources */,
				BEE65CF52A5745E3001872BB /* URLSessionHTTPClient.swift in Sources */,
				BE5B76532B5C12B300BA5F60 /* PreviewHelpers.swift in Sources */,
			);
			runOnlyForDeploymentPostprocessing = 0;
		};
		BE6560452A52D4A400CCD5D6 /* Sources */ = {
			isa = PBXSourcesBuildPhase;
			buildActionMask = 2147483647;
			files = (
				BEF6E3892A6428B6004C6511 /* PhotoDetailViewController+TestHelpers.swift in Sources */,
				BE525AEC2A5D4672000D3071 /* CacheImageDataUseCaseTests.swift in Sources */,
				BE5496862A570DF600D402A3 /* ClientSpy.swift in Sources */,
				BE5DFCF92A5C0CAF007BD8A7 /* PhotoImageDataLoaderAdapterTests.swift in Sources */,
				BE6645C82B5A7B68003737D5 /* PhotoDetailContainerIntegrationTests.swift in Sources */,
				BE9E00E62B443ADF003439C1 /* SwiftDataImageDataStoreTests.swift in Sources */,
				BE5DFD002A5C43F0007BD8A7 /* LoadCachedImageDataUseCaseTests.swift in Sources */,
				BE76D45A2A7D5752000EA213 /* XCTestCase+AssertThrows.swift in Sources */,
				BE5496882A570ED400D402A3 /* RemoteImageDataLoaderTests.swift in Sources */,
				BE37F78A2B553D0F0098FF2E /* PhotoGridIntegrationTests.swift in Sources */,
				BE81030F2A559EB700CE012A /* PhotoListCell+TestHelpers.swift in Sources */,
				BEB90FB72A5F0A6500A22904 /* ContextDidSaveNotificationSpy.swift in Sources */,
				BED283B82A5C6E7500521BC8 /* ImageDataStoreSpy.swift in Sources */,
				BE54968E2A572B6B00D402A3 /* URLSessionHTTPClientTests.swift in Sources */,
				BE21A9CF2B46FC6C000385B1 /* PhotoListAcceptanceTests.swift in Sources */,
				BEE811C62A5D69D900A2F7D7 /* CacheTestHelpers.swift in Sources */,
				BED8ECCF2A53428C0077FFF9 /* PhotosLoaderSpy.swift in Sources */,
				BED8ECD42A536D9E0077FFF9 /* UIRefreshControl+TestHelpers.swift in Sources */,
				BE4983582B4855D400CD03C6 /* HTTPClientStub.swift in Sources */,
				BEF0B52D2A6008C30024625A /* ImageDataLoaderWithFallbackCompositeTests.swift in Sources */,
				BED283B62A5C6DB100521BC8 /* Date+TestHelpers.swift in Sources */,
				BE49835A2B48562300CD03C6 /* InMemoryImageDataStore.swift in Sources */,
				BE3635642A5FF8C30039EECD /* ImageDataLoaderCacheDecoratorTests.swift in Sources */,
				BE3691092A5566EE00DF0560 /* UIImage+TestHelpers.swift in Sources */,
				BE8103112A559F4C00CE012A /* PhotoListViewController+TestHelpers.swift in Sources */,
				BE78E2892A653F4F00FBBF1A /* LocalImageDataCacheIntegrationTests.swift in Sources */,
				BE3635662A5FF9970039EECD /* ImageDataLoaderSpy.swift in Sources */,
				BE54968A2A57137600D402A3 /* HTTPURLResponse+TestHelpers.swift in Sources */,
				BED8ECD62A536DC90077FFF9 /* UIControl+TestHelpers.swift in Sources */,
				BE73DE812A58495900B5F438 /* PhotoImageEndpointTests.swift in Sources */,
				BEE811C42A5D624900A2F7D7 /* InvalidateCachedImageDataUseCaseTests.swift in Sources */,
				BEC368662B32F505001888E0 /* PaginatedPhotosLoaderAdapterTests.swift in Sources */,
				BE2808712B59636900219CB4 /* PhotosLoaderSpyResultHelpers.swift in Sources */,
				BE28086C2B59626500219CB4 /* PhotoGridItem+Helpers.swift in Sources */,
				BE6560692A52DF8900CCD5D6 /* XCTestCase+MemoryLeakTracking.swift in Sources */,
				BE54967D2A56D24500D402A3 /* RemotePhotosLoaderTests.swift in Sources */,
				BEA70FB42B319F22001D667B /* RefreshControlSpy.swift in Sources */,
				BE62278F2A63FFFC0082ED1B /* PhotoDetailIntegrationTests.swift in Sources */,
				BE5496782A56CAFA00D402A3 /* PhotosEndpointTests.swift in Sources */,
				BE1FD4EA2A5421CE0021777F /* SharedHelpers.swift in Sources */,
				BED8ECCD2A5340870077FFF9 /* PhotoListIntegrationTests.swift in Sources */,
				BE756CE12A628EE4000636F0 /* SceneDelegateTests.swift in Sources */,
				BE28086A2B5961ED00219CB4 /* PhotoGridView+Helpers.swift in Sources */,
				BE6645CC2B5AA7EE003737D5 /* PhotoDetailContainer+Helpers.swift in Sources */,
			);
			runOnlyForDeploymentPostprocessing = 0;
		};
/* End PBXSourcesBuildPhase section */

/* Begin PBXTargetDependency section */
		BE65604B2A52D4A400CCD5D6 /* PBXTargetDependency */ = {
			isa = PBXTargetDependency;
			target = BE6560322A52D4A300CCD5D6 /* PicsumApp */;
			targetProxy = BE65604A2A52D4A400CCD5D6 /* PBXContainerItemProxy */;
		};
/* End PBXTargetDependency section */

/* Begin PBXVariantGroup section */
		BE6560412A52D4A400CCD5D6 /* LaunchScreen.storyboard */ = {
			isa = PBXVariantGroup;
			children = (
				BE6560422A52D4A400CCD5D6 /* Base */,
			);
			name = LaunchScreen.storyboard;
			sourceTree = "<group>";
		};
/* End PBXVariantGroup section */

/* Begin XCBuildConfiguration section */
		BE65605B2A52D4A400CCD5D6 /* Debug */ = {
			isa = XCBuildConfiguration;
			buildSettings = {
				ALWAYS_SEARCH_USER_PATHS = NO;
				ASSETCATALOG_COMPILER_GENERATE_SWIFT_ASSET_SYMBOL_EXTENSIONS = YES;
				CLANG_ANALYZER_NONNULL = YES;
				CLANG_ANALYZER_NUMBER_OBJECT_CONVERSION = YES_AGGRESSIVE;
				CLANG_CXX_LANGUAGE_STANDARD = "gnu++20";
				CLANG_ENABLE_MODULES = YES;
				CLANG_ENABLE_OBJC_ARC = YES;
				CLANG_ENABLE_OBJC_WEAK = YES;
				CLANG_WARN_BLOCK_CAPTURE_AUTORELEASING = YES;
				CLANG_WARN_BOOL_CONVERSION = YES;
				CLANG_WARN_COMMA = YES;
				CLANG_WARN_CONSTANT_CONVERSION = YES;
				CLANG_WARN_DEPRECATED_OBJC_IMPLEMENTATIONS = YES;
				CLANG_WARN_DIRECT_OBJC_ISA_USAGE = YES_ERROR;
				CLANG_WARN_DOCUMENTATION_COMMENTS = YES;
				CLANG_WARN_EMPTY_BODY = YES;
				CLANG_WARN_ENUM_CONVERSION = YES;
				CLANG_WARN_INFINITE_RECURSION = YES;
				CLANG_WARN_INT_CONVERSION = YES;
				CLANG_WARN_NON_LITERAL_NULL_CONVERSION = YES;
				CLANG_WARN_OBJC_IMPLICIT_RETAIN_SELF = YES;
				CLANG_WARN_OBJC_LITERAL_CONVERSION = YES;
				CLANG_WARN_OBJC_ROOT_CLASS = YES_ERROR;
				CLANG_WARN_QUOTED_INCLUDE_IN_FRAMEWORK_HEADER = YES;
				CLANG_WARN_RANGE_LOOP_ANALYSIS = YES;
				CLANG_WARN_STRICT_PROTOTYPES = YES;
				CLANG_WARN_SUSPICIOUS_MOVE = YES;
				CLANG_WARN_UNGUARDED_AVAILABILITY = YES_AGGRESSIVE;
				CLANG_WARN_UNREACHABLE_CODE = YES;
				CLANG_WARN__DUPLICATE_METHOD_MATCH = YES;
				COPY_PHASE_STRIP = NO;
				DEBUG_INFORMATION_FORMAT = dwarf;
				ENABLE_STRICT_OBJC_MSGSEND = YES;
				ENABLE_TESTABILITY = YES;
				ENABLE_USER_SCRIPT_SANDBOXING = YES;
				GCC_C_LANGUAGE_STANDARD = gnu11;
				GCC_DYNAMIC_NO_PIC = NO;
				GCC_NO_COMMON_BLOCKS = YES;
				GCC_OPTIMIZATION_LEVEL = 0;
				GCC_PREPROCESSOR_DEFINITIONS = (
					"DEBUG=1",
					"$(inherited)",
				);
				GCC_WARN_64_TO_32_BIT_CONVERSION = YES;
				GCC_WARN_ABOUT_RETURN_TYPE = YES_ERROR;
				GCC_WARN_UNDECLARED_SELECTOR = YES;
				GCC_WARN_UNINITIALIZED_AUTOS = YES_AGGRESSIVE;
				GCC_WARN_UNUSED_FUNCTION = YES;
				GCC_WARN_UNUSED_VARIABLE = YES;
				IPHONEOS_DEPLOYMENT_TARGET = 17.0;
				MTL_ENABLE_DEBUG_INFO = INCLUDE_SOURCE;
				MTL_FAST_MATH = YES;
				ONLY_ACTIVE_ARCH = YES;
				SDKROOT = iphoneos;
				SWIFT_ACTIVE_COMPILATION_CONDITIONS = DEBUG;
				SWIFT_OPTIMIZATION_LEVEL = "-Onone";
			};
			name = Debug;
		};
		BE65605C2A52D4A400CCD5D6 /* Release */ = {
			isa = XCBuildConfiguration;
			buildSettings = {
				ALWAYS_SEARCH_USER_PATHS = NO;
				ASSETCATALOG_COMPILER_GENERATE_SWIFT_ASSET_SYMBOL_EXTENSIONS = YES;
				CLANG_ANALYZER_NONNULL = YES;
				CLANG_ANALYZER_NUMBER_OBJECT_CONVERSION = YES_AGGRESSIVE;
				CLANG_CXX_LANGUAGE_STANDARD = "gnu++20";
				CLANG_ENABLE_MODULES = YES;
				CLANG_ENABLE_OBJC_ARC = YES;
				CLANG_ENABLE_OBJC_WEAK = YES;
				CLANG_WARN_BLOCK_CAPTURE_AUTORELEASING = YES;
				CLANG_WARN_BOOL_CONVERSION = YES;
				CLANG_WARN_COMMA = YES;
				CLANG_WARN_CONSTANT_CONVERSION = YES;
				CLANG_WARN_DEPRECATED_OBJC_IMPLEMENTATIONS = YES;
				CLANG_WARN_DIRECT_OBJC_ISA_USAGE = YES_ERROR;
				CLANG_WARN_DOCUMENTATION_COMMENTS = YES;
				CLANG_WARN_EMPTY_BODY = YES;
				CLANG_WARN_ENUM_CONVERSION = YES;
				CLANG_WARN_INFINITE_RECURSION = YES;
				CLANG_WARN_INT_CONVERSION = YES;
				CLANG_WARN_NON_LITERAL_NULL_CONVERSION = YES;
				CLANG_WARN_OBJC_IMPLICIT_RETAIN_SELF = YES;
				CLANG_WARN_OBJC_LITERAL_CONVERSION = YES;
				CLANG_WARN_OBJC_ROOT_CLASS = YES_ERROR;
				CLANG_WARN_QUOTED_INCLUDE_IN_FRAMEWORK_HEADER = YES;
				CLANG_WARN_RANGE_LOOP_ANALYSIS = YES;
				CLANG_WARN_STRICT_PROTOTYPES = YES;
				CLANG_WARN_SUSPICIOUS_MOVE = YES;
				CLANG_WARN_UNGUARDED_AVAILABILITY = YES_AGGRESSIVE;
				CLANG_WARN_UNREACHABLE_CODE = YES;
				CLANG_WARN__DUPLICATE_METHOD_MATCH = YES;
				COPY_PHASE_STRIP = NO;
				DEBUG_INFORMATION_FORMAT = "dwarf-with-dsym";
				ENABLE_NS_ASSERTIONS = NO;
				ENABLE_STRICT_OBJC_MSGSEND = YES;
				ENABLE_USER_SCRIPT_SANDBOXING = YES;
				GCC_C_LANGUAGE_STANDARD = gnu11;
				GCC_NO_COMMON_BLOCKS = YES;
				GCC_WARN_64_TO_32_BIT_CONVERSION = YES;
				GCC_WARN_ABOUT_RETURN_TYPE = YES_ERROR;
				GCC_WARN_UNDECLARED_SELECTOR = YES;
				GCC_WARN_UNINITIALIZED_AUTOS = YES_AGGRESSIVE;
				GCC_WARN_UNUSED_FUNCTION = YES;
				GCC_WARN_UNUSED_VARIABLE = YES;
				IPHONEOS_DEPLOYMENT_TARGET = 17.0;
				MTL_ENABLE_DEBUG_INFO = NO;
				MTL_FAST_MATH = YES;
				SDKROOT = iphoneos;
				SWIFT_COMPILATION_MODE = wholemodule;
				SWIFT_OPTIMIZATION_LEVEL = "-O";
				VALIDATE_PRODUCT = YES;
			};
			name = Release;
		};
		BE65605E2A52D4A400CCD5D6 /* Debug */ = {
			isa = XCBuildConfiguration;
			buildSettings = {
				ASSETCATALOG_COMPILER_APPICON_NAME = AppIcon;
				ASSETCATALOG_COMPILER_GLOBAL_ACCENT_COLOR_NAME = AccentColor;
				CODE_SIGN_STYLE = Automatic;
				CURRENT_PROJECT_VERSION = 1;
				DEVELOPMENT_ASSET_PATHS = "PicsumApp/Preview\\ Content";
				DEVELOPMENT_TEAM = DV4M5VPD3C;
				GENERATE_INFOPLIST_FILE = YES;
				INFOPLIST_FILE = PicsumApp/Info.plist;
				INFOPLIST_KEY_UIApplicationSupportsIndirectInputEvents = YES;
				INFOPLIST_KEY_UILaunchStoryboardName = LaunchScreen;
				INFOPLIST_KEY_UIStatusBarStyle = "";
				INFOPLIST_KEY_UISupportedInterfaceOrientations = UIInterfaceOrientationPortrait;
				INFOPLIST_KEY_UISupportedInterfaceOrientations_iPad = "UIInterfaceOrientationLandscapeLeft UIInterfaceOrientationLandscapeRight UIInterfaceOrientationPortrait UIInterfaceOrientationPortraitUpsideDown";
				IPHONEOS_DEPLOYMENT_TARGET = 17.0;
				LD_RUNPATH_SEARCH_PATHS = (
					"$(inherited)",
					"@executable_path/Frameworks",
				);
				MARKETING_VERSION = 1.0;
				PRODUCT_BUNDLE_IDENTIFIER = com.tszlung.PicsumApp;
				PRODUCT_NAME = "$(TARGET_NAME)";
				SUPPORTED_PLATFORMS = "iphoneos iphonesimulator";
				SUPPORTS_MACCATALYST = NO;
				SUPPORTS_MAC_DESIGNED_FOR_IPHONE_IPAD = YES;
				SWIFT_EMIT_LOC_STRINGS = YES;
				SWIFT_VERSION = 5.0;
				TARGETED_DEVICE_FAMILY = 1;
			};
			name = Debug;
		};
		BE65605F2A52D4A400CCD5D6 /* Release */ = {
			isa = XCBuildConfiguration;
			buildSettings = {
				ASSETCATALOG_COMPILER_APPICON_NAME = AppIcon;
				ASSETCATALOG_COMPILER_GLOBAL_ACCENT_COLOR_NAME = AccentColor;
				CODE_SIGN_STYLE = Automatic;
				CURRENT_PROJECT_VERSION = 1;
				DEVELOPMENT_ASSET_PATHS = "PicsumApp/Preview\\ Content";
				DEVELOPMENT_TEAM = DV4M5VPD3C;
				GENERATE_INFOPLIST_FILE = YES;
				INFOPLIST_FILE = PicsumApp/Info.plist;
				INFOPLIST_KEY_UIApplicationSupportsIndirectInputEvents = YES;
				INFOPLIST_KEY_UILaunchStoryboardName = LaunchScreen;
				INFOPLIST_KEY_UIStatusBarStyle = "";
				INFOPLIST_KEY_UISupportedInterfaceOrientations = UIInterfaceOrientationPortrait;
				INFOPLIST_KEY_UISupportedInterfaceOrientations_iPad = "UIInterfaceOrientationLandscapeLeft UIInterfaceOrientationLandscapeRight UIInterfaceOrientationPortrait UIInterfaceOrientationPortraitUpsideDown";
				IPHONEOS_DEPLOYMENT_TARGET = 17.0;
				LD_RUNPATH_SEARCH_PATHS = (
					"$(inherited)",
					"@executable_path/Frameworks",
				);
				MARKETING_VERSION = 1.0;
				PRODUCT_BUNDLE_IDENTIFIER = com.tszlung.PicsumApp;
				PRODUCT_NAME = "$(TARGET_NAME)";
				SUPPORTED_PLATFORMS = "iphoneos iphonesimulator";
				SUPPORTS_MACCATALYST = NO;
				SUPPORTS_MAC_DESIGNED_FOR_IPHONE_IPAD = YES;
				SWIFT_EMIT_LOC_STRINGS = YES;
				SWIFT_VERSION = 5.0;
				TARGETED_DEVICE_FAMILY = 1;
			};
			name = Release;
		};
		BE6560612A52D4A400CCD5D6 /* Debug */ = {
			isa = XCBuildConfiguration;
			buildSettings = {
				ALWAYS_EMBED_SWIFT_STANDARD_LIBRARIES = YES;
				BUNDLE_LOADER = "$(TEST_HOST)";
				CODE_SIGN_STYLE = Automatic;
				CURRENT_PROJECT_VERSION = 1;
				DEVELOPMENT_TEAM = DV4M5VPD3C;
				GENERATE_INFOPLIST_FILE = YES;
				IPHONEOS_DEPLOYMENT_TARGET = 17.0;
				MARKETING_VERSION = 1.0;
				PRODUCT_BUNDLE_IDENTIFIER = com.tszlung.PicsumAppTests;
				PRODUCT_NAME = "$(TARGET_NAME)";
				SWIFT_EMIT_LOC_STRINGS = NO;
				SWIFT_VERSION = 5.0;
				TARGETED_DEVICE_FAMILY = "1,2";
				TEST_HOST = "$(BUILT_PRODUCTS_DIR)/PicsumApp.app/$(BUNDLE_EXECUTABLE_FOLDER_PATH)/PicsumApp";
			};
			name = Debug;
		};
		BE6560622A52D4A400CCD5D6 /* Release */ = {
			isa = XCBuildConfiguration;
			buildSettings = {
				ALWAYS_EMBED_SWIFT_STANDARD_LIBRARIES = YES;
				BUNDLE_LOADER = "$(TEST_HOST)";
				CODE_SIGN_STYLE = Automatic;
				CURRENT_PROJECT_VERSION = 1;
				DEVELOPMENT_TEAM = DV4M5VPD3C;
				GENERATE_INFOPLIST_FILE = YES;
				IPHONEOS_DEPLOYMENT_TARGET = 17.0;
				MARKETING_VERSION = 1.0;
				PRODUCT_BUNDLE_IDENTIFIER = com.tszlung.PicsumAppTests;
				PRODUCT_NAME = "$(TARGET_NAME)";
				SWIFT_EMIT_LOC_STRINGS = NO;
				SWIFT_VERSION = 5.0;
				TARGETED_DEVICE_FAMILY = "1,2";
				TEST_HOST = "$(BUILT_PRODUCTS_DIR)/PicsumApp.app/$(BUNDLE_EXECUTABLE_FOLDER_PATH)/PicsumApp";
			};
			name = Release;
		};
/* End XCBuildConfiguration section */

/* Begin XCConfigurationList section */
		BE65602E2A52D4A300CCD5D6 /* Build configuration list for PBXProject "PicsumApp" */ = {
			isa = XCConfigurationList;
			buildConfigurations = (
				BE65605B2A52D4A400CCD5D6 /* Debug */,
				BE65605C2A52D4A400CCD5D6 /* Release */,
			);
			defaultConfigurationIsVisible = 0;
			defaultConfigurationName = Release;
		};
		BE65605D2A52D4A400CCD5D6 /* Build configuration list for PBXNativeTarget "PicsumApp" */ = {
			isa = XCConfigurationList;
			buildConfigurations = (
				BE65605E2A52D4A400CCD5D6 /* Debug */,
				BE65605F2A52D4A400CCD5D6 /* Release */,
			);
			defaultConfigurationIsVisible = 0;
			defaultConfigurationName = Release;
		};
		BE6560602A52D4A400CCD5D6 /* Build configuration list for PBXNativeTarget "PicsumAppTests" */ = {
			isa = XCConfigurationList;
			buildConfigurations = (
				BE6560612A52D4A400CCD5D6 /* Debug */,
				BE6560622A52D4A400CCD5D6 /* Release */,
			);
			defaultConfigurationIsVisible = 0;
			defaultConfigurationName = Release;
		};
/* End XCConfigurationList section */

/* Begin XCRemoteSwiftPackageReference section */
		BE37F78B2B553F530098FF2E /* XCRemoteSwiftPackageReference "ViewInspector" */ = {
			isa = XCRemoteSwiftPackageReference;
			repositoryURL = "https://github.com/nalexn/ViewInspector";
			requirement = {
				kind = exactVersion;
				version = 0.9.9;
			};
		};
/* End XCRemoteSwiftPackageReference section */

/* Begin XCSwiftPackageProductDependency section */
		BE37F78C2B553F530098FF2E /* ViewInspector */ = {
			isa = XCSwiftPackageProductDependency;
			package = BE37F78B2B553F530098FF2E /* XCRemoteSwiftPackageReference "ViewInspector" */;
			productName = ViewInspector;
		};
/* End XCSwiftPackageProductDependency section */
	};
	rootObject = BE65602B2A52D4A300CCD5D6 /* Project object */;
}
